
Microsoft Visual Studio Solution File, Format Version 12.00
# Visual Studio Version 16
VisualStudioVersion = 16.0.29613.14
MinimumVisualStudioVersion = 10.0.40219.1
Project("{FAE04EC0-301F-11D3-BF4B-00C04F79EFBC}") = "Zapalap.HomeMaintenance", "Zapalap.HomeMaintenance\Zapalap.HomeMaintenance.csproj", "{6F25EC95-0EED-4887-B5B7-810B561DC98D}"
EndProject
Global
	GlobalSection(SolutionConfigurationPlatforms) = preSolution
		Debug|Any CPU = Debug|Any CPU
		Release|Any CPU = Release|Any CPU
	EndGlobalSection
	GlobalSection(ProjectConfigurationPlatforms) = postSolution
		{6F25EC95-0EED-4887-B5B7-810B561DC98D}.Debug|Any CPU.ActiveCfg = Debug|Any CPU
		{6F25EC95-0EED-4887-B5B7-810B561DC98D}.Debug|Any CPU.Build.0 = Debug|Any CPU
		{6F25EC95-0EED-4887-B5B7-810B561DC98D}.Release|Any CPU.ActiveCfg = Release|Any CPU
		{6F25EC95-0EED-4887-B5B7-810B561DC98D}.Release|Any CPU.Build.0 = Release|Any CPU
	EndGlobalSection
	GlobalSection(SolutionProperties) = preSolution
		HideSolutionNode = FALSE
	EndGlobalSection
	GlobalSection(ExtensibilityGlobals) = postSolution
		SolutionGuid = {D1A795FB-D189-49D6-B762-17650B0AE2C7}
	EndGlobalSection
EndGlobal
